
Microsoft Visual Studio Solution File, Format Version 12.00
# Visual Studio Version 17
VisualStudioVersion = 17.4.33110.190
MinimumVisualStudioVersion = 10.0.40219.1
Project("{FAE04EC0-301F-11D3-BF4B-00C04F79EFBC}") = "H4App3API", "H4App3API\H4App3API.csproj", "{F521DD7A-B9CE-417F-A1BD-6A90C652A215}"
EndProject
Global
	GlobalSection(SolutionConfigurationPlatforms) = preSolution
		Debug|Any CPU = Debug|Any CPU
		Release|Any CPU = Release|Any CPU
	EndGlobalSection
	GlobalSection(ProjectConfigurationPlatforms) = postSolution
		{F521DD7A-B9CE-417F-A1BD-6A90C652A215}.Debug|Any CPU.ActiveCfg = Debug|Any CPU
		{F521DD7A-B9CE-417F-A1BD-6A90C652A215}.Debug|Any CPU.Build.0 = Debug|Any CPU
		{F521DD7A-B9CE-417F-A1BD-6A90C652A215}.Release|Any CPU.ActiveCfg = Release|Any CPU
		{F521DD7A-B9CE-417F-A1BD-6A90C652A215}.Release|Any CPU.Build.0 = Release|Any CPU
	EndGlobalSection
	GlobalSection(SolutionProperties) = preSolution
		HideSolutionNode = FALSE
	EndGlobalSection
	GlobalSection(ExtensibilityGlobals) = postSolution
		SolutionGuid = {CB0AD961-D1ED-460C-B1ED-BCBF0A18A706}
	EndGlobalSection
EndGlobal
